github.com/davecgh/go-spew v1.1.0/go.mod h1:J7Y8YcW2NihsgmVo/mv3lAwl/skON4iLHjSsI+c5H38=
github.com/davecgh/go-spew v1.1.1/go.mod h1:J7Y8YcW2NihsgmVo/mv3lAwl/skON4iLHjSsI+c5H38=
github.com/emersion/go-imap v1.0.5 h1:8xg/d2wo2BBP3AEP5AOaM/6i8887RGyVW2st/IVHWUw=
github.com/emersion/go-imap v1.0.5/go.mod h1:yKASt+C3ZiDAiCSssxg9caIckWF/JG7ZQTO7GAmvicU=
github.com/emersion/go-message v0.11.1/go.mod h1:C4jnca5HOTo4bGN9YdqNQM9sITuT3Y0K6bSUw9RklvY=
github.com/emersion/go-message v0.12.0 h1:mZnv35eZ6lB6EftTQBgYXspOH0FQdhpFhSUhA9i6/Zg=
github.com/emersion/go-message v0.12.0/go.mod h1:C4jnca5HOTo4bGN9YdqNQM9sITuT3Y0K6bSUw9RklvY=
github.com/emersion/go-sasl v0.0.0-20191210011802-430746ea8b9b h1:uhWtEWBHgop1rqEk2klKaxPAkVDCXexai6hSuRQ7Nvs=
github.com/emersion/go-sasl v0.0.0-20191210011802-430746ea8b9b/go.mod h1:G/dpzLu16WtQpBfQ/z3LYiYJn3ZhKSGWn83fyoyQe/k=
github.com/emersion/go-textwrapper v0.0.0-20160606182133-d0e65e56babe h1:40SWqY0zE3qCi6ZrtTf5OUdNm5lDnGnjRSq9GgmeTrg=
github.com/emersion/go-textwrapper v0.0.0-20160606182133-d0e65e56babe/go.mod h1:aqO8z8wPrjkscevZJFVE1wXJrLpC5LtJG7fqLOsPb2U=
github.com/go-telegram-bot-api/telegram-bot-api v1.0.0 h1:HXVtsZ+yINQeyyhPFAUU4yKmeN+iFhJ87jXZOC016gs=
github.com/go-telegram-bot-api/telegram-bot-api v4.6.4+incompatible h1:2cauKuaELYAEARXRkq2LrJ0yDDv1rW7+wrTEdVL3uaU=
github.com/go-telegram-bot-api/telegram-bot-api v4.6.4+incompatible/go.mod h1:qf9acutJ8cwBUhm1bqgz6Bei9/C/c93FPDljKWwsOgM=
github.com/joho/godotenv v1.3.0 h1:Zjp+RcGpHhGlrMbJzXTrZZPrWj+1vfm90La1wgB6Bhc=
github.com/joho/godotenv v1.3.0/go.mod h1:7hK45KPybAkOC6peb+G5yklZfMxEjkZhHbwpqxOKXbg=
github.com/martinlindhe/base36 v1.0.0 h1:eYsumTah144C0A8P1T/AVSUk5ZoLnhfYFM3OGQxB52A=
github.com/martinlindhe/base36 v1.0.0/go.mod h1:+AtEs8xrBpCeYgSLoY/aJ6Wf37jtBuR0s35750M27+8=
github.com/pmezard/go-difflib v1.0.0/go.mod h1:iKH77koFhYxTK1pcRnkKkqfTogsbg7gZNVY4sRDYZ/4=
github.com/stretchr/objx v0.1.0/go.mod h1:HFkY916IF+rwdDfMAkV7OtwuqBVzrE8GR6GFx+wExME=
github.com/stretchr/testify v1.3.0/go.mod h1:M5WIy9Dh21IEIfnGCwXGc5bZfKNJtfHm1UVUgZn+9EI=
github.com/technoweenie/multipartstreamer v1.0.1 h1:XRztA5MXiR1TIRHxH2uNxXxaIkKQDeX7m2XsSOlQEnM=
github.com/technoweenie/multipartstreamer v1.0.1/go.mod h1:jNVxdtShOxzAsukZwTSw6MDx5eUJoiEBsSvzDU9uzog=
golang.org/x/text v0.3.2/go.mod h1:bEr9sfX3Q8Zfm5fL9x+3itogRgK3+ptLWKqgva+5dAk=
golang.org/x/text v0.3.3 h1:cokOdA+Jmi5PJGXLlLllQSgYigAEfHXJAERHVMaCc2k=
golang.org/x/text v0.3.3/go.mod h1:5Zoc/QRtKVWzQhOtBMvqHzDpF6irO9z98xDceosuGiQ=
golang.org/x/tools v0.0.0-20180917221912-90fa682c2a6e/go.mod h1:n7NCudcB/nEzxVGmLbDWY5pfWTLqBcC2KZ6jyYvM4mQ=
